
Microsoft Visual Studio Solution File, Format Version 12.00
# Visual Studio Version 17
VisualStudioVersion = 17.7.34202.233
MinimumVisualStudioVersion = 10.0.40219.1
Project("{9A19103F-16F7-4668-BE54-9A1E7A4F7556}") = "TrilhaApiDesafio", "TrilhaApiDesafio.csproj", "{39950926-E5E6-4215-9244-984C36092AB1}"
EndProject
Project("{FAE04EC0-301F-11D3-BF4B-00C04F79EFBC}") = "TesteAgendaTarefas", "..\TesteAgendaTarefas\TesteAgendaTarefas.csproj", "{A2B71B78-731B-41AF-9BC8-97CEB81E113A}"
EndProject
Global
	GlobalSection(SolutionConfigurationPlatforms) = preSolution
		Debug|Any CPU = Debug|Any CPU
		Release|Any CPU = Release|Any CPU
	EndGlobalSection
	GlobalSection(ProjectConfigurationPlatforms) = postSolution
		{39950926-E5E6-4215-9244-984C36092AB1}.Debug|Any CPU.ActiveCfg = Debug|Any CPU
		{39950926-E5E6-4215-9244-984C36092AB1}.Debug|Any CPU.Build.0 = Debug|Any CPU
		{39950926-E5E6-4215-9244-984C36092AB1}.Release|Any CPU.ActiveCfg = Release|Any CPU
		{39950926-E5E6-4215-9244-984C36092AB1}.Release|Any CPU.Build.0 = Release|Any CPU
		{A2B71B78-731B-41AF-9BC8-97CEB81E113A}.Debug|Any CPU.ActiveCfg = Debug|Any CPU
		{A2B71B78-731B-41AF-9BC8-97CEB81E113A}.Debug|Any CPU.Build.0 = Debug|Any CPU
		{A2B71B78-731B-41AF-9BC8-97CEB81E113A}.Release|Any CPU.ActiveCfg = Release|Any CPU
		{A2B71B78-731B-41AF-9BC8-97CEB81E113A}.Release|Any CPU.Build.0 = Release|Any CPU
	EndGlobalSection
	GlobalSection(SolutionProperties) = preSolution
		HideSolutionNode = FALSE
	EndGlobalSection
	GlobalSection(ExtensibilityGlobals) = postSolution
		SolutionGuid = {391216A4-77D9-462F-AA92-CE8E65A5D1EE}
	EndGlobalSection
EndGlobal
